
Microsoft Visual Studio Solution File, Format Version 12.00
# Visual Studio Express 2012 for Windows Desktop
Project("{FAE04EC0-301F-11D3-BF4B-00C04F79EFBC}") = "TimeFreeze", "SFML_GameTemplate\TimeFreeze.csproj", "{3EF771F3-B485-4B0C-A699-8FF52619B56C}"
EndProject
Global
	GlobalSection(SolutionConfigurationPlatforms) = preSolution
		Debug|Any CPU = Debug|Any CPU
		Debug|x86 = Debug|x86
		Release|Any CPU = Release|Any CPU
		Release|x86 = Release|x86
	EndGlobalSection
	GlobalSection(ProjectConfigurationPlatforms) = postSolution
		{3EF771F3-B485-4B0C-A699-8FF52619B56C}.Debug|Any CPU.ActiveCfg = Debug|Any CPU
		{3EF771F3-B485-4B0C-A699-8FF52619B56C}.Debug|Any CPU.Build.0 = Debug|Any CPU
		{3EF771F3-B485-4B0C-A699-8FF52619B56C}.Debug|x86.ActiveCfg = Debug|x86
		{3EF771F3-B485-4B0C-A699-8FF52619B56C}.Debug|x86.Build.0 = Debug|x86
		{3EF771F3-B485-4B0C-A699-8FF52619B56C}.Release|Any CPU.ActiveCfg = Release|Any CPU
		{3EF771F3-B485-4B0C-A699-8FF52619B56C}.Release|Any CPU.Build.0 = Release|Any CPU
		{3EF771F3-B485-4B0C-A699-8FF52619B56C}.Release|x86.ActiveCfg = Release|x86
		{3EF771F3-B485-4B0C-A699-8FF52619B56C}.Release|x86.Build.0 = Release|x86
	EndGlobalSection
	GlobalSection(SolutionProperties) = preSolution
		HideSolutionNode = FALSE
	EndGlobalSection
EndGlobal
